<?xml version="1.0" encoding="utf-8"?>
<Project ToolsVersion="4.0" xmlns="http://schemas.microsoft.com/developer/msbuild/2003">
  <ItemGroup>
    <Filter Include="Source Files">
      <UniqueIdentifier>{4FC737F1-C7A5-4376-A066-2A32D752A2FF}</UniqueIdentifier>
      <Extensions>cpp;c;cc;cxx;c++;cppm;ixx;def;odl;idl;hpj;bat;asm;asmx</Extensions>
    </Filter>
    <Filter Include="Header Files">
      <UniqueIdentifier>{93995380-89BD-4b04-88EB-625FBE52EBFB}</UniqueIdentifier>
      <Extensions>h;hh;hpp;hxx;h++;hm;inl;inc;ipp;xsd</Extensions>
    </Filter>
    <Filter Include="Resource Files">
      <UniqueIdentifier>{67DA6AB6-F800-4c08-8B7A-83BB121AAD01}</UniqueIdentifier>
      <Extensions>rc;ico;cur;bmp;dlg;rc2;rct;bin;rgs;gif;jpg;jpeg;jpe;resx;tiff;tif;png;wav;mfcribbon-ms</Extensions>
    </Filter>
    <Filter Include="Header Files\Particles">
      <UniqueIdentifier>{4792a334-b71d-4578-aed3-97017463dfd5}</UniqueIdentifier>
    </Filter>
    <Filter Include="Resource Files\Particles">
      <UniqueIdentifier>{d18b377d-ed3b-446a-a014-db27c3db96ae}</UniqueIdentifier>
    </Filter>
    <Filter Include="Header Files\Utility">
      <UniqueIdentifier>{3c874359-014c-4c53-b950-f3aca69f1138}</UniqueIdentifier>
    </Filter>
    <Filter Include="Resource Files\Terrain">
      <UniqueIdentifier>{815fe0c3-a0e6-48b6-a2d0-c389cf7e47af}</UniqueIdentifier>
    </Filter>
    <Filter Include="Resource Files\Deferred">
      <UniqueIdentifier>{dc09260f-4cd9-4aa6-8a03-007b3f8d580f}</UniqueIdentifier>
    </Filter>
    <Filter Include="Header Files\Shadow">
      <UniqueIdentifier>{2f720094-8c89-4960-9132-a160658d55e0}</UniqueIdentifier>
    </Filter>
    <Filter Include="Header Files\Renderers">
      <UniqueIdentifier>{b6d73409-28a9-415f-adb1-19441fa755b0}</UniqueIdentifier>
    </Filter>
    <Filter Include="Header Files\HelperFiles">
      <UniqueIdentifier>{2ec4b408-5821-4fa5-95d5-28078a512d26}</UniqueIdentifier>
    </Filter>
    <Filter Include="Resource Files\Shadow">
      <UniqueIdentifier>{d563b5dd-05ea-4a23-aec4-fd00f024b069}</UniqueIdentifier>
    </Filter>
    <Filter Include="Source Files\HelperFiles">
      <UniqueIdentifier>{36bea581-aa64-40ff-98a2-b765d1af2996}</UniqueIdentifier>
    </Filter>
    <Filter Include="Resource Files\Backfaced Culling">
      <UniqueIdentifier>{68857607-8ade-431f-89bf-47e53623f760}</UniqueIdentifier>
    </Filter>
    <Filter Include="Resource Files\Blend Mapping">
      <UniqueIdentifier>{d52aabf0-1629-412e-9ddd-ea37a5533715}</UniqueIdentifier>
    </Filter>
  </ItemGroup>
  <ItemGroup>
    <ClInclude Include="Camera.h">
      <Filter>Header Files</Filter>
    </ClInclude>
    <ClInclude Include="Geometry.h">
      <Filter>Header Files</Filter>
    </ClInclude>
    <ClInclude Include="Mesh.h">
      <Filter>Header Files</Filter>
    </ClInclude>
    <ClInclude Include="Material.h">
      <Filter>Header Files</Filter>
    </ClInclude>
    <ClInclude Include="Texture.h">
      <Filter>Header Files</Filter>
    </ClInclude>
    <ClInclude Include="Model.h">
      <Filter>Header Files</Filter>
    </ClInclude>
    <ClInclude Include="ParticleSystem.h">
      <Filter>Header Files\Particles</Filter>
    </ClInclude>
    <ClInclude Include="Random.h">
      <Filter>Header Files\Utility</Filter>
    </ClInclude>
    <ClInclude Include="ShaderData.h">
      <Filter>Header Files\Utility</Filter>
    </ClInclude>
    <ClInclude Include="D3D11Help.h">
      <Filter>Header Files\Utility</Filter>
    </ClInclude>
    <ClInclude Include="Timer.h">
      <Filter>Header Files\Utility</Filter>
    </ClInclude>
    <ClInclude Include="ParticleSystemRenderer.h">
      <Filter>Header Files\Particles</Filter>
    </ClInclude>
    <ClInclude Include="ShadowMap.h">
      <Filter>Header Files\Shadow</Filter>
    </ClInclude>
    <ClInclude Include="ShadowRenderer.h">
      <Filter>Header Files\Renderers</Filter>
    </ClInclude>
    <ClInclude Include="ModelRenderer.h">
      <Filter>Header Files\Renderers</Filter>
    </ClInclude>
    <ClInclude Include="TerrainRenderer.h">
      <Filter>Header Files\Renderers</Filter>
    </ClInclude>
    <ClInclude Include="D3D11Helper.h">
      <Filter>Header Files\HelperFiles</Filter>
    </ClInclude>
    <ClInclude Include="PipelineHelper.h">
      <Filter>Header Files\HelperFiles</Filter>
    </ClInclude>
    <ClInclude Include="WindowHelper.h">
      <Filter>Header Files\HelperFiles</Filter>
    </ClInclude>
    <ClInclude Include="Lights.h">
      <Filter>Header Files\Utility</Filter>
    </ClInclude>
    <ClInclude Include="BlendModelRenderer.h">
      <Filter>Header Files\Renderers</Filter>
    </ClInclude>
  </ItemGroup>
  <ItemGroup>
    <FxCompile Include="ParticleVertexShader.hlsl">
      <Filter>Resource Files\Particles</Filter>
    </FxCompile>
    <FxCompile Include="ParticlePixelShader.hlsl">
      <Filter>Resource Files\Particles</Filter>
    </FxCompile>
    <FxCompile Include="ParticleGeometryShader.hlsl">
      <Filter>Resource Files\Particles</Filter>
    </FxCompile>
    <FxCompile Include="TerrainDomainShader.hlsl">
      <Filter>Resource Files\Terrain</Filter>
    </FxCompile>
    <FxCompile Include="TerrainHullShader.hlsl">
      <Filter>Resource Files\Terrain</Filter>
    </FxCompile>
    <FxCompile Include="TerrainVertexShader.hlsl">
      <Filter>Resource Files\Terrain</Filter>
    </FxCompile>
    <FxCompile Include="PixelShaderDeferred.hlsl">
      <Filter>Resource Files\Deferred</Filter>
    </FxCompile>
    <FxCompile Include="PixelShaderDeferredLight.hlsl">
      <Filter>Resource Files\Deferred</Filter>
    </FxCompile>
    <FxCompile Include="VertexShaderDeferred.hlsl">
      <Filter>Resource Files\Deferred</Filter>
    </FxCompile>
    <FxCompile Include="VertexShaderDeferredLight.hlsl">
      <Filter>Resource Files\Deferred</Filter>
    </FxCompile>
    <FxCompile Include="ShadowMapVertex.hlsl">
      <Filter>Resource Files\Shadow</Filter>
    </FxCompile>
    <FxCompile Include="CullingGeometryShader.hlsl">
      <Filter>Resource Files\Backfaced Culling</Filter>
    </FxCompile>
    <FxCompile Include="BlendVertexShader.hlsl">
      <Filter>Resource Files\Blend Mapping</Filter>
    </FxCompile>
    <FxCompile Include="BlendPixelShader.hlsl">
      <Filter>Resource Files\Blend Mapping</Filter>
    </FxCompile>
  </ItemGroup>
  <ItemGroup>
    <ClCompile Include="Main.cpp">
      <Filter>Source Files</Filter>
    </ClCompile>
    <ClCompile Include="Camera.cpp">
      <Filter>Source Files</Filter>
    </ClCompile>
    <ClCompile Include="Mesh.cpp">
      <Filter>Source Files</Filter>
    </ClCompile>
    <ClCompile Include="Texture.cpp">
      <Filter>Source Files</Filter>
    </ClCompile>
    <ClCompile Include="Model.cpp">
      <Filter>Source Files</Filter>
    </ClCompile>
    <ClCompile Include="ParticleSystem.cpp">
      <Filter>Source Files</Filter>
    </ClCompile>
    <ClCompile Include="ShaderData.cpp">
      <Filter>Header Files\Utility</Filter>
    </ClCompile>
    <ClCompile Include="D3D11Helper.cpp">
      <Filter>Source Files\HelperFiles</Filter>
    </ClCompile>
    <ClCompile Include="PipelineHelper.cpp">
      <Filter>Source Files\HelperFiles</Filter>
    </ClCompile>
    <ClCompile Include="WindowHelper.cpp">
      <Filter>Source Files\HelperFiles</Filter>
    </ClCompile>
  </ItemGroup>
</Project>